
Microsoft Visual Studio Solution File, Format Version 12.00
# Visual Studio 15
VisualStudioVersion = 15.0.28010.2036
MinimumVisualStudioVersion = 10.0.40219.1
Project("{9A19103F-16F7-4668-BE54-9A1E7A4F7556}") = "StudentTableAPI", "StudentTableAPI\StudentTableAPI.csproj", "{2D566BA2-F8B6-49A1-9637-80ED0EA6884F}"
EndProject
Project("{FAE04EC0-301F-11D3-BF4B-00C04F79EFBC}") = "Domain", "Domain\Domain.csproj", "{5187142C-C6DE-4830-B01D-F903456427E1}"
EndProject
Global
	GlobalSection(SolutionConfigurationPlatforms) = preSolution
		Debug|Any CPU = Debug|Any CPU
		Release|Any CPU = Release|Any CPU
	EndGlobalSection
	GlobalSection(ProjectConfigurationPlatforms) = postSolution
		{2D566BA2-F8B6-49A1-9637-80ED0EA6884F}.Debug|Any CPU.ActiveCfg = Debug|Any CPU
		{2D566BA2-F8B6-49A1-9637-80ED0EA6884F}.Debug|Any CPU.Build.0 = Debug|Any CPU
		{2D566BA2-F8B6-49A1-9637-80ED0EA6884F}.Release|Any CPU.ActiveCfg = Release|Any CPU
		{2D566BA2-F8B6-49A1-9637-80ED0EA6884F}.Release|Any CPU.Build.0 = Release|Any CPU
		{5187142C-C6DE-4830-B01D-F903456427E1}.Debug|Any CPU.ActiveCfg = Debug|Any CPU
		{5187142C-C6DE-4830-B01D-F903456427E1}.Debug|Any CPU.Build.0 = Debug|Any CPU
		{5187142C-C6DE-4830-B01D-F903456427E1}.Release|Any CPU.ActiveCfg = Release|Any CPU
		{5187142C-C6DE-4830-B01D-F903456427E1}.Release|Any CPU.Build.0 = Release|Any CPU
	EndGlobalSection
	GlobalSection(SolutionProperties) = preSolution
		HideSolutionNode = FALSE
	EndGlobalSection
	GlobalSection(ExtensibilityGlobals) = postSolution
		SolutionGuid = {04CB4BBC-CECC-45F1-AA29-CAFF933276A3}
	EndGlobalSection
EndGlobal
